
Microsoft Visual Studio Solution File, Format Version 12.00
# Visual Studio Version 17
VisualStudioVersion = 17.0.32112.339
MinimumVisualStudioVersion = 10.0.40219.1
Project("{FAE04EC0-301F-11D3-BF4B-00C04F79EFBC}") = "BankingSystem", "BankingSystem\BankingSystem.csproj", "{40EFCE89-D4ED-44CE-907C-E9E34C253F2E}"
EndProject
Global
	GlobalSection(SolutionConfigurationPlatforms) = preSolution
		Debug|Any CPU = Debug|Any CPU
		Release|Any CPU = Release|Any CPU
	EndGlobalSection
	GlobalSection(ProjectConfigurationPlatforms) = postSolution
		{40EFCE89-D4ED-44CE-907C-E9E34C253F2E}.Debug|Any CPU.ActiveCfg = Debug|Any CPU
		{40EFCE89-D4ED-44CE-907C-E9E34C253F2E}.Debug|Any CPU.Build.0 = Debug|Any CPU
		{40EFCE89-D4ED-44CE-907C-E9E34C253F2E}.Release|Any CPU.ActiveCfg = Release|Any CPU
		{40EFCE89-D4ED-44CE-907C-E9E34C253F2E}.Release|Any CPU.Build.0 = Release|Any CPU
	EndGlobalSection
	GlobalSection(SolutionProperties) = preSolution
		HideSolutionNode = FALSE
	EndGlobalSection
	GlobalSection(ExtensibilityGlobals) = postSolution
		SolutionGuid = {4506F973-35F1-446A-B1B7-BF4A718C551E}
	EndGlobalSection
EndGlobal
